
Microsoft Visual Studio Solution File, Format Version 12.00
# Visual Studio Version 17
VisualStudioVersion = 17.13.35828.75 d17.13
MinimumVisualStudioVersion = 10.0.40219.1
Project("{FAE04EC0-301F-11D3-BF4B-00C04F79EFBC}") = "GeodeticCalculation", "GeodeticCalculation.csproj", "{D46297A4-82E0-46D8-A5AF-8563E4CA568A}"
EndProject
Global
	GlobalSection(SolutionConfigurationPlatforms) = preSolution
		Debug|Any CPU = Debug|Any CPU
		Release|Any CPU = Release|Any CPU
	EndGlobalSection
	GlobalSection(ProjectConfigurationPlatforms) = postSolution
		{D46297A4-82E0-46D8-A5AF-8563E4CA568A}.Debug|Any CPU.ActiveCfg = Debug|Any CPU
		{D46297A4-82E0-46D8-A5AF-8563E4CA568A}.Debug|Any CPU.Build.0 = Debug|Any CPU
		{D46297A4-82E0-46D8-A5AF-8563E4CA568A}.Release|Any CPU.ActiveCfg = Release|Any CPU
		{D46297A4-82E0-46D8-A5AF-8563E4CA568A}.Release|Any CPU.Build.0 = Release|Any CPU
	EndGlobalSection
	GlobalSection(SolutionProperties) = preSolution
		HideSolutionNode = FALSE
	EndGlobalSection
	GlobalSection(ExtensibilityGlobals) = postSolution
		SolutionGuid = {756DC60A-8A24-465E-9AF5-F071F523B66B}
	EndGlobalSection
EndGlobal
